
Microsoft Visual Studio Solution File, Format Version 12.00
# Visual Studio Version 17
VisualStudioVersion = 17.6.33815.320
MinimumVisualStudioVersion = 10.0.40219.1
Project("{FAE04EC0-301F-11D3-BF4B-00C04F79EFBC}") = "P01.AdvertisementMessage", "P01.AdvertisementMessage\P01.AdvertisementMessage.csproj", "{5E78E684-D574-4982-B5EB-7DA2C5E3D369}"
EndProject
Project("{FAE04EC0-301F-11D3-BF4B-00C04F79EFBC}") = "P02.Articles", "P02.Articles\P02.Articles.csproj", "{1B262B76-4A98-406B-B56E-90D17B5F7172}"
EndProject
Project("{FAE04EC0-301F-11D3-BF4B-00C04F79EFBC}") = "P03.Articles2.0", "P03.Articles2.0\P03.Articles2.0.csproj", "{D574BB2C-07AD-4679-94C4-DF19086B1C29}"
EndProject
Project("{FAE04EC0-301F-11D3-BF4B-00C04F79EFBC}") = "P04.Students", "P04.Students\P04.Students.csproj", "{1F28AF52-917D-45FF-B08D-F20BF2406C70}"
EndProject
Project("{FAE04EC0-301F-11D3-BF4B-00C04F79EFBC}") = "P05.TeamworkProjects", "P05.TeamworkProjects\P05.TeamworkProjects.csproj", "{E57AB029-180F-4138-BAB8-23B7D42BF36A}"
EndProject
Global
	GlobalSection(SolutionConfigurationPlatforms) = preSolution
		Debug|Any CPU = Debug|Any CPU
		Release|Any CPU = Release|Any CPU
	EndGlobalSection
	GlobalSection(ProjectConfigurationPlatforms) = postSolution
		{5E78E684-D574-4982-B5EB-7DA2C5E3D369}.Debug|Any CPU.ActiveCfg = Debug|Any CPU
		{5E78E684-D574-4982-B5EB-7DA2C5E3D369}.Debug|Any CPU.Build.0 = Debug|Any CPU
		{5E78E684-D574-4982-B5EB-7DA2C5E3D369}.Release|Any CPU.ActiveCfg = Release|Any CPU
		{5E78E684-D574-4982-B5EB-7DA2C5E3D369}.Release|Any CPU.Build.0 = Release|Any CPU
		{1B262B76-4A98-406B-B56E-90D17B5F7172}.Debug|Any CPU.ActiveCfg = Debug|Any CPU
		{1B262B76-4A98-406B-B56E-90D17B5F7172}.Debug|Any CPU.Build.0 = Debug|Any CPU
		{1B262B76-4A98-406B-B56E-90D17B5F7172}.Release|Any CPU.ActiveCfg = Release|Any CPU
		{1B262B76-4A98-406B-B56E-90D17B5F7172}.Release|Any CPU.Build.0 = Release|Any CPU
		{D574BB2C-07AD-4679-94C4-DF19086B1C29}.Debug|Any CPU.ActiveCfg = Debug|Any CPU
		{D574BB2C-07AD-4679-94C4-DF19086B1C29}.Debug|Any CPU.Build.0 = Debug|Any CPU
		{D574BB2C-07AD-4679-94C4-DF19086B1C29}.Release|Any CPU.ActiveCfg = Release|Any CPU
		{D574BB2C-07AD-4679-94C4-DF19086B1C29}.Release|Any CPU.Build.0 = Release|Any CPU
		{1F28AF52-917D-45FF-B08D-F20BF2406C70}.Debug|Any CPU.ActiveCfg = Debug|Any CPU
		{1F28AF52-917D-45FF-B08D-F20BF2406C70}.Debug|Any CPU.Build.0 = Debug|Any CPU
		{1F28AF52-917D-45FF-B08D-F20BF2406C70}.Release|Any CPU.ActiveCfg = Release|Any CPU
		{1F28AF52-917D-45FF-B08D-F20BF2406C70}.Release|Any CPU.Build.0 = Release|Any CPU
		{E57AB029-180F-4138-BAB8-23B7D42BF36A}.Debug|Any CPU.ActiveCfg = Debug|Any CPU
		{E57AB029-180F-4138-BAB8-23B7D42BF36A}.Debug|Any CPU.Build.0 = Debug|Any CPU
		{E57AB029-180F-4138-BAB8-23B7D42BF36A}.Release|Any CPU.ActiveCfg = Release|Any CPU
		{E57AB029-180F-4138-BAB8-23B7D42BF36A}.Release|Any CPU.Build.0 = Release|Any CPU
	EndGlobalSection
	GlobalSection(SolutionProperties) = preSolution
		HideSolutionNode = FALSE
	EndGlobalSection
	GlobalSection(ExtensibilityGlobals) = postSolution
		SolutionGuid = {1B91DC11-E917-4D2F-ABAE-7A6B8928CF9E}
	EndGlobalSection
EndGlobal
